// !$*UTF8*$!
{
	archiveVersion = 1;
	classes = {
	};
	objectVersion = 50;
	objects = {

/* Begin PBXBuildFile section */
		DBD8CCF9217CAE4600963E9B /* AppDelegate.swift in Sources */ = {isa = PBXBuildFile; fileRef = DBD8CCF8217CAE4600963E9B /* AppDelegate.swift */; };
		DBD8CCFB217CAE4600963E9B /* ViewController.swift in Sources */ = {isa = PBXBuildFile; fileRef = DBD8CCFA217CAE4600963E9B /* ViewController.swift */; };
		DBD8CCFE217CAE4600963E9B /* Main.storyboard in Resources */ = {isa = PBXBuildFile; fileRef = DBD8CCFC217CAE4600963E9B /* Main.storyboard */; };
		DBD8CD00217CAE4800963E9B /* Assets.xcassets in Resources */ = {isa = PBXBuildFile; fileRef = DBD8CCFF217CAE4800963E9B /* Assets.xcassets */; };
		DBD8CD03217CAE4800963E9B /* LaunchScreen.storyboard in Resources */ = {isa = PBXBuildFile; fileRef = DBD8CD01217CAE4800963E9B /* LaunchScreen.storyboard */; };
		DBD8CD0E217CAE4800963E9B /* The_Movie_DatabaseTests.swift in Sources */ = {isa = PBXBuildFile; fileRef = DBD8CD0D217CAE4800963E9B /* The_Movie_DatabaseTests.swift */; };
		DBD8CD19217CAE4800963E9B /* The_Movie_DatabaseUITests.swift in Sources */ = {isa = PBXBuildFile; fileRef = DBD8CD18217CAE4800963E9B /* The_Movie_DatabaseUITests.swift */; };
/* End PBXBuildFile section */

/* Begin PBXContainerItemProxy section */
		DBD8CD0A217CAE4800963E9B /* PBXContainerItemProxy */ = {
			isa = PBXContainerItemProxy;
			containerPortal = DBD8CCED217CAE4600963E9B /* Project object */;
			proxyType = 1;
			remoteGlobalIDString = DBD8CCF4217CAE4600963E9B;
			remoteInfo = "The Movie Database";
		};
		DBD8CD15217CAE4800963E9B /* PBXContainerItemProxy */ = {
			isa = PBXContainerItemProxy;
			containerPortal = DBD8CCED217CAE4600963E9B /* Project object */;
			proxyType = 1;
			remoteGlobalIDString = DBD8CCF4217CAE4600963E9B;
			remoteInfo = "The Movie Database";
		};
/* End PBXContainerItemProxy section */

/* Begin PBXFileReference section */
		DBD8CCF5217CAE4600963E9B /* The Movie Database.app */ = {isa = PBXFileReference; explicitFileType = wrapper.application; includeInIndex = 0; path = "The Movie Database.app"; sourceTree = BUILT_PRODUCTS_DIR; };
		DBD8CCF8217CAE4600963E9B /* AppDelegate.swift */ = {isa = PBXFileReference; lastKnownFileType = sourcecode.swift; path = AppDelegate.swift; sourceTree = "<group>"; };
		DBD8CCFA217CAE4600963E9B /* ViewController.swift */ = {isa = PBXFileReference; lastKnownFileType = sourcecode.swift; path = ViewController.swift; sourceTree = "<group>"; };
		DBD8CCFD217CAE4600963E9B /* Base */ = {isa = PBXFileReference; lastKnownFileType = file.storyboard; name = Base; path = Base.lproj/Main.storyboard; sourceTree = "<group>"; };
		DBD8CCFF217CAE4800963E9B /* Assets.xcassets */ = {isa = PBXFileReference; lastKnownFileType = folder.assetcatalog; path = Assets.xcassets; sourceTree = "<group>"; };
		DBD8CD02217CAE4800963E9B /* Base */ = {isa = PBXFileReference; lastKnownFileType = file.storyboard; name = Base; path = Base.lproj/LaunchScreen.storyboard; sourceTree = "<group>"; };
		DBD8CD04217CAE4800963E9B /* Info.plist */ = {isa = PBXFileReference; lastKnownFileType = text.plist.xml; path = Info.plist; sourceTree = "<group>"; };
		DBD8CD09217CAE4800963E9B /* The Movie DatabaseTests.xctest */ = {isa = PBXFileReference; explicitFileType = wrapper.cfbundle; includeInIndex = 0; path = "The Movie DatabaseTests.xctest"; sourceTree = BUILT_PRODUCTS_DIR; };
		DBD8CD0D217CAE4800963E9B /* The_Movie_DatabaseTests.swift */ = {isa = PBXFileReference; lastKnownFileType = sourcecode.swift; path = The_Movie_DatabaseTests.swift; sourceTree = "<group>"; };
		DBD8CD0F217CAE4800963E9B /* Info.plist */ = {isa = PBXFileReference; lastKnownFileType = text.plist.xml; path = Info.plist; sourceTree = "<group>"; };
		DBD8CD14217CAE4800963E9B /* The Movie DatabaseUITests.xctest */ = {isa = PBXFileReference; explicitFileType = wrapper.cfbundle; includeInIndex = 0; path = "The Movie DatabaseUITests.xctest"; sourceTree = BUILT_PRODUCTS_DIR; };
		DBD8CD18217CAE4800963E9B /* The_Movie_DatabaseUITests.swift */ = {isa = PBXFileReference; lastKnownFileType = sourcecode.swift; path = The_Movie_DatabaseUITests.swift; sourceTree = "<group>"; };
		DBD8CD1A217CAE4800963E9B /* Info.plist */ = {isa = PBXFileReference; lastKnownFileType = text.plist.xml; path = Info.plist; sourceTree = "<group>"; };
/* End PBXFileReference section */

/* Begin PBXFrameworksBuildPhase section */
		DBD8CCF2217CAE4600963E9B /* Frameworks */ = {
			isa = PBXFrameworksBuildPhase;
			buildActionMask = 2147483647;
			files = (
			);
			runOnlyForDeploymentPostprocessing = 0;
		};
		DBD8CD06217CAE4800963E9B /* Frameworks */ = {
			isa = PBXFrameworksBuildPhase;
			buildActionMask = 2147483647;
			files = (
			);
			runOnlyForDeploymentPostprocessing = 0;
		};
		DBD8CD11217CAE4800963E9B /* Frameworks */ = {
			isa = PBXFrameworksBuildPhase;
			buildActionMask = 2147483647;
			files = (
			);
			runOnlyForDeploymentPostprocessing = 0;
		};
/* End PBXFrameworksBuildPhase section */

/* Begin PBXGroup section */
		DBD8CCEC217CAE4600963E9B = {
			isa = PBXGroup;
			children = (
				DBD8CCF7217CAE4600963E9B /* The Movie Database */,
				DBD8CD0C217CAE4800963E9B /* The Movie DatabaseTests */,
				DBD8CD17217CAE4800963E9B /* The Movie DatabaseUITests */,
				DBD8CCF6217CAE4600963E9B /* Products */,
			);
			sourceTree = "<group>";
		};
		DBD8CCF6217CAE4600963E9B /* Products */ = {
			isa = PBXGroup;
			children = (
				DBD8CCF5217CAE4600963E9B /* The Movie Database.app */,
				DBD8CD09217CAE4800963E9B /* The Movie DatabaseTests.xctest */,
				DBD8CD14217CAE4800963E9B /* The Movie DatabaseUITests.xctest */,
			);
			name = Products;
			sourceTree = "<group>";
		};
		DBD8CCF7217CAE4600963E9B /* The Movie Database */ = {
			isa = PBXGroup;
			children = (
				DBD8CCF8217CAE4600963E9B /* AppDelegate.swift */,
				DBD8CCFA217CAE4600963E9B /* ViewController.swift */,
				DBD8CCFC217CAE4600963E9B /* Main.storyboard */,
				DBD8CCFF217CAE4800963E9B /* Assets.xcassets */,
				DBD8CD01217CAE4800963E9B /* LaunchScreen.storyboard */,
				DBD8CD04217CAE4800963E9B /* Info.plist */,
			);
			path = "The Movie Database";
			sourceTree = "<group>";
		};
		DBD8CD0C217CAE4800963E9B /* The Movie DatabaseTests */ = {
			isa = PBXGroup;
			children = (
				DBD8CD0D217CAE4800963E9B /* The_Movie_DatabaseTests.swift */,
				DBD8CD0F217CAE4800963E9B /* Info.plist */,
			);
			path = "The Movie DatabaseTests";
			sourceTree = "<group>";
		};
		DBD8CD17217CAE4800963E9B /* The Movie DatabaseUITests */ = {
			isa = PBXGroup;
			children = (
				DBD8CD18217CAE4800963E9B /* The_Movie_DatabaseUITests.swift */,
				DBD8CD1A217CAE4800963E9B /* Info.plist */,
			);
			path = "The Movie DatabaseUITests";
			sourceTree = "<group>";
		};
/* End PBXGroup section */

/* Begin PBXNativeTarget section */
		DBD8CCF4217CAE4600963E9B /* The Movie Database */ = {
			isa = PBXNativeTarget;
			buildConfigurationList = DBD8CD1D217CAE4800963E9B /* Build configuration list for PBXNativeTarget "The Movie Database" */;
			buildPhases = (
				DBD8CCF1217CAE4600963E9B /* Sources */,
				DBD8CCF2217CAE4600963E9B /* Frameworks */,
				DBD8CCF3217CAE4600963E9B /* Resources */,
			);
			buildRules = (
			);
			dependencies = (
			);
			name = "The Movie Database";
			productName = "The Movie Database";
			productReference = DBD8CCF5217CAE4600963E9B /* The Movie Database.app */;
			productType = "com.apple.product-type.application";
		};
		DBD8CD08217CAE4800963E9B /* The Movie DatabaseTests */ = {
			isa = PBXNativeTarget;
			buildConfigurationList = DBD8CD20217CAE4800963E9B /* Build configuration list for PBXNativeTarget "The Movie DatabaseTests" */;
			buildPhases = (
				DBD8CD05217CAE4800963E9B /* Sources */,
				DBD8CD06217CAE4800963E9B /* Frameworks */,
				DBD8CD07217CAE4800963E9B /* Resources */,
			);
			buildRules = (
			);
			dependencies = (
				DBD8CD0B217CAE4800963E9B /* PBXTargetDependency */,
			);
			name = "The Movie DatabaseTests";
			productName = "The Movie DatabaseTests";
			productReference = DBD8CD09217CAE4800963E9B /* The Movie DatabaseTests.xctest */;
			productType = "com.apple.product-type.bundle.unit-test";
		};
		DBD8CD13217CAE4800963E9B /* The Movie DatabaseUITests */ = {
			isa = PBXNativeTarget;
			buildConfigurationList = DBD8CD23217CAE4800963E9B /* Build configuration list for PBXNativeTarget "The Movie DatabaseUITests" */;
			buildPhases = (
				DBD8CD10217CAE4800963E9B /* Sources */,
				DBD8CD11217CAE4800963E9B /* Frameworks */,
				DBD8CD12217CAE4800963E9B /* Resources */,
			);
			buildRules = (
			);
			dependencies = (
				DBD8CD16217CAE4800963E9B /* PBXTargetDependency */,
			);
			name = "The Movie DatabaseUITests";
			productName = "The Movie DatabaseUITests";
			productReference = DBD8CD14217CAE4800963E9B /* The Movie DatabaseUITests.xctest */;
			productType = "com.apple.product-type.bundle.ui-testing";
		};
/* End PBXNativeTarget section */

/* Begin PBXProject section */
		DBD8CCED217CAE4600963E9B /* Project object */ = {
			isa = PBXProject;
			attributes = {
				LastSwiftUpdateCheck = 1000;
				LastUpgradeCheck = 1000;
				ORGANIZATIONNAME = Giacomuzzi;
				TargetAttributes = {
					DBD8CCF4217CAE4600963E9B = {
						CreatedOnToolsVersion = 10.0;
					};
					DBD8CD08217CAE4800963E9B = {
						CreatedOnToolsVersion = 10.0;
						TestTargetID = DBD8CCF4217CAE4600963E9B;
					};
					DBD8CD13217CAE4800963E9B = {
						CreatedOnToolsVersion = 10.0;
						TestTargetID = DBD8CCF4217CAE4600963E9B;
					};
				};
			};
			buildConfigurationList = DBD8CCF0217CAE4600963E9B /* Build configuration list for PBXProject "The Movie Database" */;
			compatibilityVersion = "Xcode 9.3";
			developmentRegion = en;
			hasScannedForEncodings = 0;
			knownRegions = (
				en,
				Base,
			);
			mainGroup = DBD8CCEC217CAE4600963E9B;
			productRefGroup = DBD8CCF6217CAE4600963E9B /* Products */;
			projectDirPath = "";
			projectRoot = "";
			targets = (
				DBD8CCF4217CAE4600963E9B /* The Movie Database */,
				DBD8CD08217CAE4800963E9B /* The Movie DatabaseTests */,
				DBD8CD13217CAE4800963E9B /* The Movie DatabaseUITests */,
			);
		};
/* End PBXProject section */

/* Begin PBXResourcesBuildPhase section */
		DBD8CCF3217CAE4600963E9B /* Resources */ = {
			isa = PBXResourcesBuildPhase;
			buildActionMask = 2147483647;
			files = (
				DBD8CD03217CAE4800963E9B /* LaunchScreen.storyboard in Resources */,
				DBD8CD00217CAE4800963E9B /* Assets.xcassets in Resources */,
				DBD8CCFE217CAE4600963E9B /* Main.storyboard in Resources */,
			);
			runOnlyForDeploymentPostprocessing = 0;
		};
		DBD8CD07217CAE4800963E9B /* Resources */ = {
			isa = PBXResourcesBuildPhase;
			buildActionMask = 2147483647;
			files = (
			);
			runOnlyForDeploymentPostprocessing = 0;
		};
		DBD8CD12217CAE4800963E9B /* Resources */ = {
			isa = PBXResourcesBuildPhase;
			buildActionMask = 2147483647;
			files = (
			);
			runOnlyForDeploymentPostprocessing = 0;
		};
/* End PBXResourcesBuildPhase section */

/* Begin PBXSourcesBuildPhase section */
		DBD8CCF1217CAE4600963E9B /* Sources */ = {
			isa = PBXSourcesBuildPhase;
			buildActionMask = 2147483647;
			files = (
				DBD8CCFB217CAE4600963E9B /* ViewController.swift in Sources */,
				DBD8CCF9217CAE4600963E9B /* AppDelegate.swift in Sources */,
			);
			runOnlyForDeploymentPostprocessing = 0;
		};
		DBD8CD05217CAE4800963E9B /* Sources */ = {
			isa = PBXSourcesBuildPhase;
			buildActionMask = 2147483647;
			files = (
				DBD8CD0E217CAE4800963E9B /* The_Movie_DatabaseTests.swift in Sources */,
			);
			runOnlyForDeploymentPostprocessing = 0;
		};
		DBD8CD10217CAE4800963E9B /* Sources */ = {
			isa = PBXSourcesBuildPhase;
			buildActionMask = 2147483647;
			files = (
				DBD8CD19217CAE4800963E9B /* The_Movie_DatabaseUITests.swift in Sources */,
			);
			runOnlyForDeploymentPostprocessing = 0;
		};
/* End PBXSourcesBuildPhase section */

/* Begin PBXTargetDependency section */
		DBD8CD0B217CAE4800963E9B /* PBXTargetDependency */ = {
			isa = PBXTargetDependency;
			target = DBD8CCF4217CAE4600963E9B /* The Movie Database */;
			targetProxy = DBD8CD0A217CAE4800963E9B /* PBXContainerItemProxy */;
		};
		DBD8CD16217CAE4800963E9B /* PBXTargetDependency */ = {
			isa = PBXTargetDependency;
			target = DBD8CCF4217CAE4600963E9B /* The Movie Database */;
			targetProxy = DBD8CD15217CAE4800963E9B /* PBXContainerItemProxy */;
		};
/* End PBXTargetDependency section */

/* Begin PBXVariantGroup section */
		DBD8CCFC217CAE4600963E9B /* Main.storyboard */ = {
			isa = PBXVariantGroup;
			children = (
				DBD8CCFD217CAE4600963E9B /* Base */,
			);
			name = Main.storyboard;
			sourceTree = "<group>";
		};
		DBD8CD01217CAE4800963E9B /* LaunchScreen.storyboard */ = {
			isa = PBXVariantGroup;
			children = (
				DBD8CD02217CAE4800963E9B /* Base */,
			);
			name = LaunchScreen.storyboard;
			sourceTree = "<group>";
		};
/* End PBXVariantGroup section */

/* Begin XCBuildConfiguration section */
		DBD8CD1B217CAE4800963E9B /* Debug */ = {
			isa = XCBuildConfiguration;
			buildSettings = {
				ALWAYS_SEARCH_USER_PATHS = NO;
				CLANG_ANALYZER_NONNULL = YES;
				CLANG_ANALYZER_NUMBER_OBJECT_CONVERSION = YES_AGGRESSIVE;
				CLANG_CXX_LANGUAGE_STANDARD = "gnu++14";
				CLANG_CXX_LIBRARY = "libc++";
				CLANG_ENABLE_MODULES = YES;
				CLANG_ENABLE_OBJC_ARC = YES;
				CLANG_ENABLE_OBJC_WEAK = YES;
				CLANG_WARN_BLOCK_CAPTURE_AUTORELEASING = YES;
				CLANG_WARN_BOOL_CONVERSION = YES;
				CLANG_WARN_COMMA = YES;
				CLANG_WARN_CONSTANT_CONVERSION = YES;
				CLANG_WARN_DEPRECATED_OBJC_IMPLEMENTATIONS = YES;
				CLANG_WARN_DIRECT_OBJC_ISA_USAGE = YES_ERROR;
				CLANG_WARN_DOCUMENTATION_COMMENTS = YES;
				CLANG_WARN_EMPTY_BODY = YES;
				CLANG_WARN_ENUM_CONVERSION = YES;
				CLANG_WARN_INFINITE_RECURSION = YES;
				CLANG_WARN_INT_CONVERSION = YES;
				CLANG_WARN_NON_LITERAL_NULL_CONVERSION = YES;
				CLANG_WARN_OBJC_IMPLICIT_RETAIN_SELF = YES;
				CLANG_WARN_OBJC_LITERAL_CONVERSION = YES;
				CLANG_WARN_OBJC_ROOT_CLASS = YES_ERROR;
				CLANG_WARN_RANGE_LOOP_ANALYSIS = YES;
				CLANG_WARN_STRICT_PROTOTYPES = YES;
				CLANG_WARN_SUSPICIOUS_MOVE = YES;
				CLANG_WARN_UNGUARDED_AVAILABILITY = YES_AGGRESSIVE;
				CLANG_WARN_UNREACHABLE_CODE = YES;
				CLANG_WARN__DUPLICATE_METHOD_MATCH = YES;
				CODE_SIGN_IDENTITY = "iPhone Developer";
				COPY_PHASE_STRIP = NO;
				DEBUG_INFORMATION_FORMAT = dwarf;
				ENABLE_STRICT_OBJC_MSGSEND = YES;
				ENABLE_TESTABILITY = YES;
				GCC_C_LANGUAGE_STANDARD = gnu11;
				GCC_DYNAMIC_NO_PIC = NO;
				GCC_NO_COMMON_BLOCKS = YES;
				GCC_OPTIMIZATION_LEVEL = 0;
				GCC_PREPROCESSOR_DEFINITIONS = (
					"DEBUG=1",
					"$(inherited)",
				);
				GCC_WARN_64_TO_32_BIT_CONVERSION = YES;
				GCC_WARN_ABOUT_RETURN_TYPE = YES_ERROR;
				GCC_WARN_UNDECLARED_SELECTOR = YES;
				GCC_WARN_UNINITIALIZED_AUTOS = YES_AGGRESSIVE;
				GCC_WARN_UNUSED_FUNCTION = YES;
				GCC_WARN_UNUSED_VARIABLE = YES;
				IPHONEOS_DEPLOYMENT_TARGET = 12.0;
				MTL_ENABLE_DEBUG_INFO = INCLUDE_SOURCE;
				MTL_FAST_MATH = YES;
				ONLY_ACTIVE_ARCH = YES;
				SDKROOT = iphoneos;
				SWIFT_ACTIVE_COMPILATION_CONDITIONS = DEBUG;
				SWIFT_OPTIMIZATION_LEVEL = "-Onone";
			};
			name = Debug;
		};
		DBD8CD1C217CAE4800963E9B /* Release */ = {
			isa = XCBuildConfiguration;
			buildSettings = {
				ALWAYS_SEARCH_USER_PATHS = NO;
				CLANG_ANALYZER_NONNULL = YES;
				CLANG_ANALYZER_NUMBER_OBJECT_CONVERSION = YES_AGGRESSIVE;
				CLANG_CXX_LANGUAGE_STANDARD = "gnu++14";
				CLANG_CXX_LIBRARY = "libc++";
				CLANG_ENABLE_MODULES = YES;
				CLANG_ENABLE_OBJC_ARC = YES;
				CLANG_ENABLE_OBJC_WEAK = YES;
				CLANG_WARN_BLOCK_CAPTURE_AUTORELEASING = YES;
				CLANG_WARN_BOOL_CONVERSION = YES;
				CLANG_WARN_COMMA = YES;
				CLANG_WARN_CONSTANT_CONVERSION = YES;
				CLANG_WARN_DEPRECATED_OBJC_IMPLEMENTATIONS = YES;
				CLANG_WARN_DIRECT_OBJC_ISA_USAGE = YES_ERROR;
				CLANG_WARN_DOCUMENTATION_COMMENTS = YES;
				CLANG_WARN_EMPTY_BODY = YES;
				CLANG_WARN_ENUM_CONVERSION = YES;
				CLANG_WARN_INFINITE_RECURSION = YES;
				CLANG_WARN_INT_CONVERSION = YES;
				CLANG_WARN_NON_LITERAL_NULL_CONVERSION = YES;
				CLANG_WARN_OBJC_IMPLICIT_RETAIN_SELF = YES;
				CLANG_WARN_OBJC_LITERAL_CONVERSION = YES;
				CLANG_WARN_OBJC_ROOT_CLASS = YES_ERROR;
				CLANG_WARN_RANGE_LOOP_ANALYSIS = YES;
				CLANG_WARN_STRICT_PROTOTYPES = YES;
				CLANG_WARN_SUSPICIOUS_MOVE = YES;
				CLANG_WARN_UNGUARDED_AVAILABILITY = YES_AGGRESSIVE;
				CLANG_WARN_UNREACHABLE_CODE = YES;
				CLANG_WARN__DUPLICATE_METHOD_MATCH = YES;
				CODE_SIGN_IDENTITY = "iPhone Developer";
				COPY_PHASE_STRIP = NO;
				DEBUG_INFORMATION_FORMAT = "dwarf-with-dsym";
				ENABLE_NS_ASSERTIONS = NO;
				ENABLE_STRICT_OBJC_MSGSEND = YES;
				GCC_C_LANGUAGE_STANDARD = gnu11;
				GCC_NO_COMMON_BLOCKS = YES;
				GCC_WARN_64_TO_32_BIT_CONVERSION = YES;
				GCC_WARN_ABOUT_RETURN_TYPE = YES_ERROR;
				GCC_WARN_UNDECLARED_SELECTOR = YES;
				GCC_WARN_UNINITIALIZED_AUTOS = YES_AGGRESSIVE;
				GCC_WARN_UNUSED_FUNCTION = YES;
				GCC_WARN_UNUSED_VARIABLE = YES;
				IPHONEOS_DEPLOYMENT_TARGET = 12.0;
				MTL_ENABLE_DEBUG_INFO = NO;
				MTL_FAST_MATH = YES;
				SDKROOT = iphoneos;
				SWIFT_COMPILATION_MODE = wholemodule;
				SWIFT_OPTIMIZATION_LEVEL = "-O";
				VALIDATE_PRODUCT = YES;
			};
			name = Release;
		};
		DBD8CD1E217CAE4800963E9B /* Debug */ = {
			isa = XCBuildConfiguration;
			buildSettings = {
				ASSETCATALOG_COMPILER_APPICON_NAME = AppIcon;
				CODE_SIGN_STYLE = Automatic;
				DEVELOPMENT_TEAM = DVXNNDG4U4;
				INFOPLIST_FILE = "The Movie Database/Info.plist";
				LD_RUNPATH_SEARCH_PATHS = (
					"$(inherited)",
					"@executable_path/Frameworks",
				);
				PRODUCT_BUNDLE_IDENTIFIER = "com.giacomuzzi.The-Movie-Database";
				PRODUCT_NAME = "$(TARGET_NAME)";
				SWIFT_VERSION = 4.2;
				TARGETED_DEVICE_FAMILY = "1,2";
			};
			name = Debug;
		};
		DBD8CD1F217CAE4800963E9B /* Release */ = {
			isa = XCBuildConfiguration;
			buildSettings = {
				ASSETCATALOG_COMPILER_APPICON_NAME = AppIcon;
				CODE_SIGN_STYLE = Automatic;
				DEVELOPMENT_TEAM = DVXNNDG4U4;
				INFOPLIST_FILE = "The Movie Database/Info.plist";
				LD_RUNPATH_SEARCH_PATHS = (
					"$(inherited)",
					"@executable_path/Frameworks",
				);
				PRODUCT_BUNDLE_IDENTIFIER = "com.giacomuzzi.The-Movie-Database";
				PRODUCT_NAME = "$(TARGET_NAME)";
				SWIFT_VERSION = 4.2;
				TARGETED_DEVICE_FAMILY = "1,2";
			};
			name = Release;
		};
		DBD8CD21217CAE4800963E9B /* Debug */ = {
			isa = XCBuildConfiguration;
			buildSettings = {
				ALWAYS_EMBED_SWIFT_STANDARD_LIBRARIES = YES;
				BUNDLE_LOADER = "$(TEST_HOST)";
				CODE_SIGN_STYLE = Automatic;
				DEVELOPMENT_TEAM = DVXNNDG4U4;
				INFOPLIST_FILE = "The Movie DatabaseTests/Info.plist";
				LD_RUNPATH_SEARCH_PATHS = (
					"$(inherited)",
					"@executable_path/Frameworks",
					"@loader_path/Frameworks",
				);
				PRODUCT_BUNDLE_IDENTIFIER = "com.giacomuzzi.The-Movie-DatabaseTests";
				PRODUCT_NAME = "$(TARGET_NAME)";
				SWIFT_VERSION = 4.2;
				TARGETED_DEVICE_FAMILY = "1,2";
				TEST_HOST = "$(BUILT_PRODUCTS_DIR)/The Movie Database.app/The Movie Database";
			};
			name = Debug;
		};
		DBD8CD22217CAE4800963E9B /* Release */ = {
			isa = XCBuildConfiguration;
			buildSettings = {
				ALWAYS_EMBED_SWIFT_STANDARD_LIBRARIES = YES;
				BUNDLE_LOADER = "$(TEST_HOST)";
				CODE_SIGN_STYLE = Automatic;
				DEVELOPMENT_TEAM = DVXNNDG4U4;
				INFOPLIST_FILE = "The Movie DatabaseTests/Info.plist";
				LD_RUNPATH_SEARCH_PATHS = (
					"$(inherited)",
					"@executable_path/Frameworks",
					"@loader_path/Frameworks",
				);
				PRODUCT_BUNDLE_IDENTIFIER = "com.giacomuzzi.The-Movie-DatabaseTests";
				PRODUCT_NAME = "$(TARGET_NAME)";
				SWIFT_VERSION = 4.2;
				TARGETED_DEVICE_FAMILY = "1,2";
				TEST_HOST = "$(BUILT_PRODUCTS_DIR)/The Movie Database.app/The Movie Database";
			};
			name = Release;
		};
		DBD8CD24217CAE4800963E9B /* Debug */ = {
			isa = XCBuildConfiguration;
			buildSettings = {
				ALWAYS_EMBED_SWIFT_STANDARD_LIBRARIES = YES;
				CODE_SIGN_STYLE = Automatic;
				DEVELOPMENT_TEAM = DVXNNDG4U4;
				INFOPLIST_FILE = "The Movie DatabaseUITests/Info.plist";
				LD_RUNPATH_SEARCH_PATHS = (
					"$(inherited)",
					"@executable_path/Frameworks",
					"@loader_path/Frameworks",
				);
				PRODUCT_BUNDLE_IDENTIFIER = "com.giacomuzzi.The-Movie-DatabaseUITests";
				PRODUCT_NAME = "$(TARGET_NAME)";
				SWIFT_VERSION = 4.2;
				TARGETED_DEVICE_FAMILY = "1,2";
				TEST_TARGET_NAME = "The Movie Database";
			};
			name = Debug;
		};
		DBD8CD25217CAE4800963E9B /* Release */ = {
			isa = XCBuildConfiguration;
			buildSettings = {
				ALWAYS_EMBED_SWIFT_STANDARD_LIBRARIES = YES;
				CODE_SIGN_STYLE = Automatic;
				DEVELOPMENT_TEAM = DVXNNDG4U4;
				INFOPLIST_FILE = "The Movie DatabaseUITests/Info.plist";
				LD_RUNPATH_SEARCH_PATHS = (
					"$(inherited)",
					"@executable_path/Frameworks",
					"@loader_path/Frameworks",
				);
				PRODUCT_BUNDLE_IDENTIFIER = "com.giacomuzzi.The-Movie-DatabaseUITests";
				PRODUCT_NAME = "$(TARGET_NAME)";
				SWIFT_VERSION = 4.2;
				TARGETED_DEVICE_FAMILY = "1,2";
				TEST_TARGET_NAME = "The Movie Database";
			};
			name = Release;
		};
/* End XCBuildConfiguration section */

/* Begin XCConfigurationList section */
		DBD8CCF0217CAE4600963E9B /* Build configuration list for PBXProject "The Movie Database" */ = {
			isa = XCConfigurationList;
			buildConfigurations = (
				DBD8CD1B217CAE4800963E9B /* Debug */,
				DBD8CD1C217CAE4800963E9B /* Release */,
			);
			defaultConfigurationIsVisible = 0;
			defaultConfigurationName = Release;
		};
		DBD8CD1D217CAE4800963E9B /* Build configuration list for PBXNativeTarget "The Movie Database" */ = {
			isa = XCConfigurationList;
			buildConfigurations = (
				DBD8CD1E217CAE4800963E9B /* Debug */,
				DBD8CD1F217CAE4800963E9B /* Release */,
			);
			defaultConfigurationIsVisible = 0;
			defaultConfigurationName = Release;
		};
		DBD8CD20217CAE4800963E9B /* Build configuration list for PBXNativeTarget "The Movie DatabaseTests" */ = {
			isa = XCConfigurationList;
			buildConfigurations = (
				DBD8CD21217CAE4800963E9B /* Debug */,
				DBD8CD22217CAE4800963E9B /* Release */,
			);
			defaultConfigurationIsVisible = 0;
			defaultConfigurationName = Release;
		};
		DBD8CD23217CAE4800963E9B /* Build configuration list for PBXNativeTarget "The Movie DatabaseUITests" */ = {
			isa = XCConfigurationList;
			buildConfigurations = (
				DBD8CD24217CAE4800963E9B /* Debug */,
				DBD8CD25217CAE4800963E9B /* Release */,
			);
			defaultConfigurationIsVisible = 0;
			defaultConfigurationName = Release;
		};
/* End XCConfigurationList section */
	};
	rootObject = DBD8CCED217CAE4600963E9B /* Project object */;
}
