// !$*UTF8*$!
{
	archiveVersion = 1;
	classes = {
	};
	objectVersion = 50;
	objects = {

/* Begin PBXBuildFile section */
		1F95D33832D8EC2829FDBA84 /* Pods_The_Movie_DatabaseTests.framework in Frameworks */ = {isa = PBXBuildFile; fileRef = DF0AFFD862D38CEF63C25618 /* Pods_The_Movie_DatabaseTests.framework */; };
		221F4D30A6E7309D982D84A4 /* Pods_The_Movie_DatabaseUITests.framework in Frameworks */ = {isa = PBXBuildFile; fileRef = 4520E04F72E05248109EF90C /* Pods_The_Movie_DatabaseUITests.framework */; };
		BB4AEA582C634337394B5DCA /* Pods_The_Movie_Database.framework in Frameworks */ = {isa = PBXBuildFile; fileRef = ECA23C54AA9974D95BADFD41 /* Pods_The_Movie_Database.framework */; };
		DBD8CCF9217CAE4600963E9B /* AppDelegate.swift in Sources */ = {isa = PBXBuildFile; fileRef = DBD8CCF8217CAE4600963E9B /* AppDelegate.swift */; };
		DBD8CCFB217CAE4600963E9B /* ViewController.swift in Sources */ = {isa = PBXBuildFile; fileRef = DBD8CCFA217CAE4600963E9B /* ViewController.swift */; };
		DBD8CCFE217CAE4600963E9B /* Main.storyboard in Resources */ = {isa = PBXBuildFile; fileRef = DBD8CCFC217CAE4600963E9B /* Main.storyboard */; };
		DBD8CD00217CAE4800963E9B /* Assets.xcassets in Resources */ = {isa = PBXBuildFile; fileRef = DBD8CCFF217CAE4800963E9B /* Assets.xcassets */; };
		DBD8CD03217CAE4800963E9B /* LaunchScreen.storyboard in Resources */ = {isa = PBXBuildFile; fileRef = DBD8CD01217CAE4800963E9B /* LaunchScreen.storyboard */; };
		DBD8CD0E217CAE4800963E9B /* The_Movie_DatabaseTests.swift in Sources */ = {isa = PBXBuildFile; fileRef = DBD8CD0D217CAE4800963E9B /* The_Movie_DatabaseTests.swift */; };
		DBD8CD19217CAE4800963E9B /* The_Movie_DatabaseUITests.swift in Sources */ = {isa = PBXBuildFile; fileRef = DBD8CD18217CAE4800963E9B /* The_Movie_DatabaseUITests.swift */; };
		DBD8CD27217CF6BD00963E9B /* movieTableCell.xib in Resources */ = {isa = PBXBuildFile; fileRef = DBD8CD26217CF6BD00963E9B /* movieTableCell.xib */; };
		DBD8CD2A217CF8C300963E9B /* Movie.swift in Sources */ = {isa = PBXBuildFile; fileRef = DBD8CD29217CF8C300963E9B /* Movie.swift */; };
		DBD8CD2C217CFC7200963E9B /* TableViewController.swift in Sources */ = {isa = PBXBuildFile; fileRef = DBD8CD2B217CFC7200963E9B /* TableViewController.swift */; };
		DBD8CD2E217CFD7700963E9B /* DataProvider.swift in Sources */ = {isa = PBXBuildFile; fileRef = DBD8CD2D217CFD7700963E9B /* DataProvider.swift */; };
		DBD8CD30217CFDDA00963E9B /* Configurations.swift in Sources */ = {isa = PBXBuildFile; fileRef = DBD8CD2F217CFDDA00963E9B /* Configurations.swift */; };
		DBD8CD32217D01EC00963E9B /* SearchViewController.swift in Sources */ = {isa = PBXBuildFile; fileRef = DBD8CD31217D01EC00963E9B /* SearchViewController.swift */; };
/* End PBXBuildFile section */

/* Begin PBXContainerItemProxy section */
		DBD8CD0A217CAE4800963E9B /* PBXContainerItemProxy */ = {
			isa = PBXContainerItemProxy;
			containerPortal = DBD8CCED217CAE4600963E9B /* Project object */;
			proxyType = 1;
			remoteGlobalIDString = DBD8CCF4217CAE4600963E9B;
			remoteInfo = "The Movie Database";
		};
		DBD8CD15217CAE4800963E9B /* PBXContainerItemProxy */ = {
			isa = PBXContainerItemProxy;
			containerPortal = DBD8CCED217CAE4600963E9B /* Project object */;
			proxyType = 1;
			remoteGlobalIDString = DBD8CCF4217CAE4600963E9B;
			remoteInfo = "The Movie Database";
		};
/* End PBXContainerItemProxy section */

/* Begin PBXFileReference section */
		03E8A336B03A60F95B8F1B78 /* Pods-The Movie DatabaseUITests.debug.xcconfig */ = {isa = PBXFileReference; includeInIndex = 1; lastKnownFileType = text.xcconfig; name = "Pods-The Movie DatabaseUITests.debug.xcconfig"; path = "Pods/Target Support Files/Pods-The Movie DatabaseUITests/Pods-The Movie DatabaseUITests.debug.xcconfig"; sourceTree = "<group>"; };
		4520E04F72E05248109EF90C /* Pods_The_Movie_DatabaseUITests.framework */ = {isa = PBXFileReference; explicitFileType = wrapper.framework; includeInIndex = 0; path = Pods_The_Movie_DatabaseUITests.framework; sourceTree = BUILT_PRODUCTS_DIR; };
		600B16ED1FE7F19C36050F2C /* Pods-The Movie Database.debug.xcconfig */ = {isa = PBXFileReference; includeInIndex = 1; lastKnownFileType = text.xcconfig; name = "Pods-The Movie Database.debug.xcconfig"; path = "Pods/Target Support Files/Pods-The Movie Database/Pods-The Movie Database.debug.xcconfig"; sourceTree = "<group>"; };
		6091B4FABF0C09EF15ACD1A2 /* Pods-The Movie DatabaseTests.debug.xcconfig */ = {isa = PBXFileReference; includeInIndex = 1; lastKnownFileType = text.xcconfig; name = "Pods-The Movie DatabaseTests.debug.xcconfig"; path = "Pods/Target Support Files/Pods-The Movie DatabaseTests/Pods-The Movie DatabaseTests.debug.xcconfig"; sourceTree = "<group>"; };
		81919F24A401E99B8670C4E4 /* Pods-The Movie Database.release.xcconfig */ = {isa = PBXFileReference; includeInIndex = 1; lastKnownFileType = text.xcconfig; name = "Pods-The Movie Database.release.xcconfig"; path = "Pods/Target Support Files/Pods-The Movie Database/Pods-The Movie Database.release.xcconfig"; sourceTree = "<group>"; };
		98E991D40D90895D97B22F08 /* Pods-The Movie DatabaseUITests.release.xcconfig */ = {isa = PBXFileReference; includeInIndex = 1; lastKnownFileType = text.xcconfig; name = "Pods-The Movie DatabaseUITests.release.xcconfig"; path = "Pods/Target Support Files/Pods-The Movie DatabaseUITests/Pods-The Movie DatabaseUITests.release.xcconfig"; sourceTree = "<group>"; };
		CA5A1A6C9910FACEF6C51CE7 /* Pods-The Movie DatabaseTests.release.xcconfig */ = {isa = PBXFileReference; includeInIndex = 1; lastKnownFileType = text.xcconfig; name = "Pods-The Movie DatabaseTests.release.xcconfig"; path = "Pods/Target Support Files/Pods-The Movie DatabaseTests/Pods-The Movie DatabaseTests.release.xcconfig"; sourceTree = "<group>"; };
		DBD8CCF5217CAE4600963E9B /* The Movie Database.app */ = {isa = PBXFileReference; explicitFileType = wrapper.application; includeInIndex = 0; path = "The Movie Database.app"; sourceTree = BUILT_PRODUCTS_DIR; };
		DBD8CCF8217CAE4600963E9B /* AppDelegate.swift */ = {isa = PBXFileReference; lastKnownFileType = sourcecode.swift; path = AppDelegate.swift; sourceTree = "<group>"; };
		DBD8CCFA217CAE4600963E9B /* ViewController.swift */ = {isa = PBXFileReference; lastKnownFileType = sourcecode.swift; path = ViewController.swift; sourceTree = "<group>"; };
		DBD8CCFD217CAE4600963E9B /* Base */ = {isa = PBXFileReference; lastKnownFileType = file.storyboard; name = Base; path = Base.lproj/Main.storyboard; sourceTree = "<group>"; };
		DBD8CCFF217CAE4800963E9B /* Assets.xcassets */ = {isa = PBXFileReference; lastKnownFileType = folder.assetcatalog; path = Assets.xcassets; sourceTree = "<group>"; };
		DBD8CD02217CAE4800963E9B /* Base */ = {isa = PBXFileReference; lastKnownFileType = file.storyboard; name = Base; path = Base.lproj/LaunchScreen.storyboard; sourceTree = "<group>"; };
		DBD8CD04217CAE4800963E9B /* Info.plist */ = {isa = PBXFileReference; lastKnownFileType = text.plist.xml; path = Info.plist; sourceTree = "<group>"; };
		DBD8CD09217CAE4800963E9B /* The Movie DatabaseTests.xctest */ = {isa = PBXFileReference; explicitFileType = wrapper.cfbundle; includeInIndex = 0; path = "The Movie DatabaseTests.xctest"; sourceTree = BUILT_PRODUCTS_DIR; };
		DBD8CD0D217CAE4800963E9B /* The_Movie_DatabaseTests.swift */ = {isa = PBXFileReference; lastKnownFileType = sourcecode.swift; path = The_Movie_DatabaseTests.swift; sourceTree = "<group>"; };
		DBD8CD0F217CAE4800963E9B /* Info.plist */ = {isa = PBXFileReference; lastKnownFileType = text.plist.xml; path = Info.plist; sourceTree = "<group>"; };
		DBD8CD14217CAE4800963E9B /* The Movie DatabaseUITests.xctest */ = {isa = PBXFileReference; explicitFileType = wrapper.cfbundle; includeInIndex = 0; path = "The Movie DatabaseUITests.xctest"; sourceTree = BUILT_PRODUCTS_DIR; };
		DBD8CD18217CAE4800963E9B /* The_Movie_DatabaseUITests.swift */ = {isa = PBXFileReference; lastKnownFileType = sourcecode.swift; path = The_Movie_DatabaseUITests.swift; sourceTree = "<group>"; };
		DBD8CD1A217CAE4800963E9B /* Info.plist */ = {isa = PBXFileReference; lastKnownFileType = text.plist.xml; path = Info.plist; sourceTree = "<group>"; };
		DBD8CD26217CF6BD00963E9B /* movieTableCell.xib */ = {isa = PBXFileReference; lastKnownFileType = file.xib; path = movieTableCell.xib; sourceTree = "<group>"; };
		DBD8CD29217CF8C300963E9B /* Movie.swift */ = {isa = PBXFileReference; lastKnownFileType = sourcecode.swift; path = Movie.swift; sourceTree = "<group>"; };
		DBD8CD2B217CFC7200963E9B /* TableViewController.swift */ = {isa = PBXFileReference; lastKnownFileType = sourcecode.swift; path = TableViewController.swift; sourceTree = "<group>"; };
		DBD8CD2D217CFD7700963E9B /* DataProvider.swift */ = {isa = PBXFileReference; lastKnownFileType = sourcecode.swift; path = DataProvider.swift; sourceTree = "<group>"; };
		DBD8CD2F217CFDDA00963E9B /* Configurations.swift */ = {isa = PBXFileReference; lastKnownFileType = sourcecode.swift; path = Configurations.swift; sourceTree = "<group>"; };
		DBD8CD31217D01EC00963E9B /* SearchViewController.swift */ = {isa = PBXFileReference; lastKnownFileType = sourcecode.swift; path = SearchViewController.swift; sourceTree = "<group>"; };
		DF0AFFD862D38CEF63C25618 /* Pods_The_Movie_DatabaseTests.framework */ = {isa = PBXFileReference; explicitFileType = wrapper.framework; includeInIndex = 0; path = Pods_The_Movie_DatabaseTests.framework; sourceTree = BUILT_PRODUCTS_DIR; };
		ECA23C54AA9974D95BADFD41 /* Pods_The_Movie_Database.framework */ = {isa = PBXFileReference; explicitFileType = wrapper.framework; includeInIndex = 0; path = Pods_The_Movie_Database.framework; sourceTree = BUILT_PRODUCTS_DIR; };
/* End PBXFileReference section */

/* Begin PBXFrameworksBuildPhase section */
		DBD8CCF2217CAE4600963E9B /* Frameworks */ = {
			isa = PBXFrameworksBuildPhase;
			buildActionMask = 2147483647;
			files = (
				BB4AEA582C634337394B5DCA /* Pods_The_Movie_Database.framework in Frameworks */,
			);
			runOnlyForDeploymentPostprocessing = 0;
		};
		DBD8CD06217CAE4800963E9B /* Frameworks */ = {
			isa = PBXFrameworksBuildPhase;
			buildActionMask = 2147483647;
			files = (
				1F95D33832D8EC2829FDBA84 /* Pods_The_Movie_DatabaseTests.framework in Frameworks */,
			);
			runOnlyForDeploymentPostprocessing = 0;
		};
		DBD8CD11217CAE4800963E9B /* Frameworks */ = {
			isa = PBXFrameworksBuildPhase;
			buildActionMask = 2147483647;
			files = (
				221F4D30A6E7309D982D84A4 /* Pods_The_Movie_DatabaseUITests.framework in Frameworks */,
			);
			runOnlyForDeploymentPostprocessing = 0;
		};
/* End PBXFrameworksBuildPhase section */

/* Begin PBXGroup section */
		6297301032117D145DE2BC67 /* Frameworks */ = {
			isa = PBXGroup;
			children = (
				ECA23C54AA9974D95BADFD41 /* Pods_The_Movie_Database.framework */,
				DF0AFFD862D38CEF63C25618 /* Pods_The_Movie_DatabaseTests.framework */,
				4520E04F72E05248109EF90C /* Pods_The_Movie_DatabaseUITests.framework */,
			);
			name = Frameworks;
			sourceTree = "<group>";
		};
		DBD8CCEC217CAE4600963E9B = {
			isa = PBXGroup;
			children = (
				DBD8CCF7217CAE4600963E9B /* The Movie Database */,
				DBD8CD0C217CAE4800963E9B /* The Movie DatabaseTests */,
				DBD8CD17217CAE4800963E9B /* The Movie DatabaseUITests */,
				DBD8CCF6217CAE4600963E9B /* Products */,
				FD53B9E58BA507A497B30BE4 /* Pods */,
				6297301032117D145DE2BC67 /* Frameworks */,
			);
			sourceTree = "<group>";
		};
		DBD8CCF6217CAE4600963E9B /* Products */ = {
			isa = PBXGroup;
			children = (
				DBD8CCF5217CAE4600963E9B /* The Movie Database.app */,
				DBD8CD09217CAE4800963E9B /* The Movie DatabaseTests.xctest */,
				DBD8CD14217CAE4800963E9B /* The Movie DatabaseUITests.xctest */,
			);
			name = Products;
			sourceTree = "<group>";
		};
		DBD8CCF7217CAE4600963E9B /* The Movie Database */ = {
			isa = PBXGroup;
			children = (
				DBD8CD28217CF82B00963E9B /* Models */,
				DBD8CCF8217CAE4600963E9B /* AppDelegate.swift */,
				DBD8CCFA217CAE4600963E9B /* ViewController.swift */,
				DBD8CCFC217CAE4600963E9B /* Main.storyboard */,
				DBD8CD26217CF6BD00963E9B /* movieTableCell.xib */,
				DBD8CCFF217CAE4800963E9B /* Assets.xcassets */,
				DBD8CD01217CAE4800963E9B /* LaunchScreen.storyboard */,
				DBD8CD04217CAE4800963E9B /* Info.plist */,
				DBD8CD2B217CFC7200963E9B /* TableViewController.swift */,
				DBD8CD2D217CFD7700963E9B /* DataProvider.swift */,
				DBD8CD2F217CFDDA00963E9B /* Configurations.swift */,
				DBD8CD31217D01EC00963E9B /* SearchViewController.swift */,
			);
			path = "The Movie Database";
			sourceTree = "<group>";
		};
		DBD8CD0C217CAE4800963E9B /* The Movie DatabaseTests */ = {
			isa = PBXGroup;
			children = (
				DBD8CD0D217CAE4800963E9B /* The_Movie_DatabaseTests.swift */,
				DBD8CD0F217CAE4800963E9B /* Info.plist */,
			);
			path = "The Movie DatabaseTests";
			sourceTree = "<group>";
		};
		DBD8CD17217CAE4800963E9B /* The Movie DatabaseUITests */ = {
			isa = PBXGroup;
			children = (
				DBD8CD18217CAE4800963E9B /* The_Movie_DatabaseUITests.swift */,
				DBD8CD1A217CAE4800963E9B /* Info.plist */,
			);
			path = "The Movie DatabaseUITests";
			sourceTree = "<group>";
		};
		DBD8CD28217CF82B00963E9B /* Models */ = {
			isa = PBXGroup;
			children = (
				DBD8CD29217CF8C300963E9B /* Movie.swift */,
			);
			path = Models;
			sourceTree = "<group>";
		};
		FD53B9E58BA507A497B30BE4 /* Pods */ = {
			isa = PBXGroup;
			children = (
				600B16ED1FE7F19C36050F2C /* Pods-The Movie Database.debug.xcconfig */,
				81919F24A401E99B8670C4E4 /* Pods-The Movie Database.release.xcconfig */,
				6091B4FABF0C09EF15ACD1A2 /* Pods-The Movie DatabaseTests.debug.xcconfig */,
				CA5A1A6C9910FACEF6C51CE7 /* Pods-The Movie DatabaseTests.release.xcconfig */,
				03E8A336B03A60F95B8F1B78 /* Pods-The Movie DatabaseUITests.debug.xcconfig */,
				98E991D40D90895D97B22F08 /* Pods-The Movie DatabaseUITests.release.xcconfig */,
			);
			name = Pods;
			sourceTree = "<group>";
		};
/* End PBXGroup section */

/* Begin PBXNativeTarget section */
		DBD8CCF4217CAE4600963E9B /* The Movie Database */ = {
			isa = PBXNativeTarget;
			buildConfigurationList = DBD8CD1D217CAE4800963E9B /* Build configuration list for PBXNativeTarget "The Movie Database" */;
			buildPhases = (
				38EA422BC5AAE9F47039F746 /* [CP] Check Pods Manifest.lock */,
				DBD8CCF1217CAE4600963E9B /* Sources */,
				DBD8CCF2217CAE4600963E9B /* Frameworks */,
				DBD8CCF3217CAE4600963E9B /* Resources */,
				05E67D6E288A3FAB21E7BC90 /* [CP] Embed Pods Frameworks */,
			);
			buildRules = (
			);
			dependencies = (
			);
			name = "The Movie Database";
			productName = "The Movie Database";
			productReference = DBD8CCF5217CAE4600963E9B /* The Movie Database.app */;
			productType = "com.apple.product-type.application";
		};
		DBD8CD08217CAE4800963E9B /* The Movie DatabaseTests */ = {
			isa = PBXNativeTarget;
			buildConfigurationList = DBD8CD20217CAE4800963E9B /* Build configuration list for PBXNativeTarget "The Movie DatabaseTests" */;
			buildPhases = (
				1038B221FD87B3919399BF10 /* [CP] Check Pods Manifest.lock */,
				DBD8CD05217CAE4800963E9B /* Sources */,
				DBD8CD06217CAE4800963E9B /* Frameworks */,
				DBD8CD07217CAE4800963E9B /* Resources */,
			);
			buildRules = (
			);
			dependencies = (
				DBD8CD0B217CAE4800963E9B /* PBXTargetDependency */,
			);
			name = "The Movie DatabaseTests";
			productName = "The Movie DatabaseTests";
			productReference = DBD8CD09217CAE4800963E9B /* The Movie DatabaseTests.xctest */;
			productType = "com.apple.product-type.bundle.unit-test";
		};
		DBD8CD13217CAE4800963E9B /* The Movie DatabaseUITests */ = {
			isa = PBXNativeTarget;
			buildConfigurationList = DBD8CD23217CAE4800963E9B /* Build configuration list for PBXNativeTarget "The Movie DatabaseUITests" */;
			buildPhases = (
				7F49A8655E679A746FF13F87 /* [CP] Check Pods Manifest.lock */,
				DBD8CD10217CAE4800963E9B /* Sources */,
				DBD8CD11217CAE4800963E9B /* Frameworks */,
				DBD8CD12217CAE4800963E9B /* Resources */,
			);
			buildRules = (
			);
			dependencies = (
				DBD8CD16217CAE4800963E9B /* PBXTargetDependency */,
			);
			name = "The Movie DatabaseUITests";
			productName = "The Movie DatabaseUITests";
			productReference = DBD8CD14217CAE4800963E9B /* The Movie DatabaseUITests.xctest */;
			productType = "com.apple.product-type.bundle.ui-testing";
		};
/* End PBXNativeTarget section */

/* Begin PBXProject section */
		DBD8CCED217CAE4600963E9B /* Project object */ = {
			isa = PBXProject;
			attributes = {
				LastSwiftUpdateCheck = 1000;
				LastUpgradeCheck = 1000;
				ORGANIZATIONNAME = Giacomuzzi;
				TargetAttributes = {
					DBD8CCF4217CAE4600963E9B = {
						CreatedOnToolsVersion = 10.0;
					};
					DBD8CD08217CAE4800963E9B = {
						CreatedOnToolsVersion = 10.0;
						TestTargetID = DBD8CCF4217CAE4600963E9B;
					};
					DBD8CD13217CAE4800963E9B = {
						CreatedOnToolsVersion = 10.0;
						TestTargetID = DBD8CCF4217CAE4600963E9B;
					};
				};
			};
			buildConfigurationList = DBD8CCF0217CAE4600963E9B /* Build configuration list for PBXProject "The Movie Database" */;
			compatibilityVersion = "Xcode 9.3";
			developmentRegion = en;
			hasScannedForEncodings = 0;
			knownRegions = (
				en,
				Base,
			);
			mainGroup = DBD8CCEC217CAE4600963E9B;
			productRefGroup = DBD8CCF6217CAE4600963E9B /* Products */;
			projectDirPath = "";
			projectRoot = "";
			targets = (
				DBD8CCF4217CAE4600963E9B /* The Movie Database */,
				DBD8CD08217CAE4800963E9B /* The Movie DatabaseTests */,
				DBD8CD13217CAE4800963E9B /* The Movie DatabaseUITests */,
			);
		};
/* End PBXProject section */

/* Begin PBXResourcesBuildPhase section */
		DBD8CCF3217CAE4600963E9B /* Resources */ = {
			isa = PBXResourcesBuildPhase;
			buildActionMask = 2147483647;
			files = (
				DBD8CD03217CAE4800963E9B /* LaunchScreen.storyboard in Resources */,
				DBD8CD00217CAE4800963E9B /* Assets.xcassets in Resources */,
				DBD8CCFE217CAE4600963E9B /* Main.storyboard in Resources */,
				DBD8CD27217CF6BD00963E9B /* movieTableCell.xib in Resources */,
			);
			runOnlyForDeploymentPostprocessing = 0;
		};
		DBD8CD07217CAE4800963E9B /* Resources */ = {
			isa = PBXResourcesBuildPhase;
			buildActionMask = 2147483647;
			files = (
			);
			runOnlyForDeploymentPostprocessing = 0;
		};
		DBD8CD12217CAE4800963E9B /* Resources */ = {
			isa = PBXResourcesBuildPhase;
			buildActionMask = 2147483647;
			files = (
			);
			runOnlyForDeploymentPostprocessing = 0;
		};
/* End PBXResourcesBuildPhase section */

/* Begin PBXShellScriptBuildPhase section */
		05E67D6E288A3FAB21E7BC90 /* [CP] Embed Pods Frameworks */ = {
			isa = PBXShellScriptBuildPhase;
			buildActionMask = 2147483647;
			files = (
			);
			inputPaths = (
				"${SRCROOT}/Pods/Target Support Files/Pods-The Movie Database/Pods-The Movie Database-frameworks.sh",
				"${BUILT_PRODUCTS_DIR}/Alamofire/Alamofire.framework",
			);
			name = "[CP] Embed Pods Frameworks";
			outputPaths = (
				"${TARGET_BUILD_DIR}/${FRAMEWORKS_FOLDER_PATH}/Alamofire.framework",
			);
			runOnlyForDeploymentPostprocessing = 0;
			shellPath = /bin/sh;
			shellScript = "\"${SRCROOT}/Pods/Target Support Files/Pods-The Movie Database/Pods-The Movie Database-frameworks.sh\"\n";
			showEnvVarsInLog = 0;
		};
		1038B221FD87B3919399BF10 /* [CP] Check Pods Manifest.lock */ = {
			isa = PBXShellScriptBuildPhase;
			buildActionMask = 2147483647;
			files = (
			);
			inputPaths = (
				"${PODS_PODFILE_DIR_PATH}/Podfile.lock",
				"${PODS_ROOT}/Manifest.lock",
			);
			name = "[CP] Check Pods Manifest.lock";
			outputPaths = (
				"$(DERIVED_FILE_DIR)/Pods-The Movie DatabaseTests-checkManifestLockResult.txt",
			);
			runOnlyForDeploymentPostprocessing = 0;
			shellPath = /bin/sh;
			shellScript = "diff \"${PODS_PODFILE_DIR_PATH}/Podfile.lock\" \"${PODS_ROOT}/Manifest.lock\" > /dev/null\nif [ $? != 0 ] ; then\n    # print error to STDERR\n    echo \"error: The sandbox is not in sync with the Podfile.lock. Run 'pod install' or update your CocoaPods installation.\" >&2\n    exit 1\nfi\n# This output is used by Xcode 'outputs' to avoid re-running this script phase.\necho \"SUCCESS\" > \"${SCRIPT_OUTPUT_FILE_0}\"\n";
			showEnvVarsInLog = 0;
		};
		38EA422BC5AAE9F47039F746 /* [CP] Check Pods Manifest.lock */ = {
			isa = PBXShellScriptBuildPhase;
			buildActionMask = 2147483647;
			files = (
			);
			inputPaths = (
				"${PODS_PODFILE_DIR_PATH}/Podfile.lock",
				"${PODS_ROOT}/Manifest.lock",
			);
			name = "[CP] Check Pods Manifest.lock";
			outputPaths = (
				"$(DERIVED_FILE_DIR)/Pods-The Movie Database-checkManifestLockResult.txt",
			);
			runOnlyForDeploymentPostprocessing = 0;
			shellPath = /bin/sh;
			shellScript = "diff \"${PODS_PODFILE_DIR_PATH}/Podfile.lock\" \"${PODS_ROOT}/Manifest.lock\" > /dev/null\nif [ $? != 0 ] ; then\n    # print error to STDERR\n    echo \"error: The sandbox is not in sync with the Podfile.lock. Run 'pod install' or update your CocoaPods installation.\" >&2\n    exit 1\nfi\n# This output is used by Xcode 'outputs' to avoid re-running this script phase.\necho \"SUCCESS\" > \"${SCRIPT_OUTPUT_FILE_0}\"\n";
			showEnvVarsInLog = 0;
		};
		7F49A8655E679A746FF13F87 /* [CP] Check Pods Manifest.lock */ = {
			isa = PBXShellScriptBuildPhase;
			buildActionMask = 2147483647;
			files = (
			);
			inputPaths = (
				"${PODS_PODFILE_DIR_PATH}/Podfile.lock",
				"${PODS_ROOT}/Manifest.lock",
			);
			name = "[CP] Check Pods Manifest.lock";
			outputPaths = (
				"$(DERIVED_FILE_DIR)/Pods-The Movie DatabaseUITests-checkManifestLockResult.txt",
			);
			runOnlyForDeploymentPostprocessing = 0;
			shellPath = /bin/sh;
			shellScript = "diff \"${PODS_PODFILE_DIR_PATH}/Podfile.lock\" \"${PODS_ROOT}/Manifest.lock\" > /dev/null\nif [ $? != 0 ] ; then\n    # print error to STDERR\n    echo \"error: The sandbox is not in sync with the Podfile.lock. Run 'pod install' or update your CocoaPods installation.\" >&2\n    exit 1\nfi\n# This output is used by Xcode 'outputs' to avoid re-running this script phase.\necho \"SUCCESS\" > \"${SCRIPT_OUTPUT_FILE_0}\"\n";
			showEnvVarsInLog = 0;
		};
/* End PBXShellScriptBuildPhase section */

/* Begin PBXSourcesBuildPhase section */
		DBD8CCF1217CAE4600963E9B /* Sources */ = {
			isa = PBXSourcesBuildPhase;
			buildActionMask = 2147483647;
			files = (
				DBD8CCFB217CAE4600963E9B /* ViewController.swift in Sources */,
				DBD8CD32217D01EC00963E9B /* SearchViewController.swift in Sources */,
				DBD8CCF9217CAE4600963E9B /* AppDelegate.swift in Sources */,
				DBD8CD30217CFDDA00963E9B /* Configurations.swift in Sources */,
				DBD8CD2E217CFD7700963E9B /* DataProvider.swift in Sources */,
				DBD8CD2A217CF8C300963E9B /* Movie.swift in Sources */,
				DBD8CD2C217CFC7200963E9B /* TableViewController.swift in Sources */,
			);
			runOnlyForDeploymentPostprocessing = 0;
		};
		DBD8CD05217CAE4800963E9B /* Sources */ = {
			isa = PBXSourcesBuildPhase;
			buildActionMask = 2147483647;
			files = (
				DBD8CD0E217CAE4800963E9B /* The_Movie_DatabaseTests.swift in Sources */,
			);
			runOnlyForDeploymentPostprocessing = 0;
		};
		DBD8CD10217CAE4800963E9B /* Sources */ = {
			isa = PBXSourcesBuildPhase;
			buildActionMask = 2147483647;
			files = (
				DBD8CD19217CAE4800963E9B /* The_Movie_DatabaseUITests.swift in Sources */,
			);
			runOnlyForDeploymentPostprocessing = 0;
		};
/* End PBXSourcesBuildPhase section */

/* Begin PBXTargetDependency section */
		DBD8CD0B217CAE4800963E9B /* PBXTargetDependency */ = {
			isa = PBXTargetDependency;
			target = DBD8CCF4217CAE4600963E9B /* The Movie Database */;
			targetProxy = DBD8CD0A217CAE4800963E9B /* PBXContainerItemProxy */;
		};
		DBD8CD16217CAE4800963E9B /* PBXTargetDependency */ = {
			isa = PBXTargetDependency;
			target = DBD8CCF4217CAE4600963E9B /* The Movie Database */;
			targetProxy = DBD8CD15217CAE4800963E9B /* PBXContainerItemProxy */;
		};
/* End PBXTargetDependency section */

/* Begin PBXVariantGroup section */
		DBD8CCFC217CAE4600963E9B /* Main.storyboard */ = {
			isa = PBXVariantGroup;
			children = (
				DBD8CCFD217CAE4600963E9B /* Base */,
			);
			name = Main.storyboard;
			sourceTree = "<group>";
		};
		DBD8CD01217CAE4800963E9B /* LaunchScreen.storyboard */ = {
			isa = PBXVariantGroup;
			children = (
				DBD8CD02217CAE4800963E9B /* Base */,
			);
			name = LaunchScreen.storyboard;
			sourceTree = "<group>";
		};
/* End PBXVariantGroup section */

/* Begin XCBuildConfiguration section */
		DBD8CD1B217CAE4800963E9B /* Debug */ = {
			isa = XCBuildConfiguration;
			buildSettings = {
				ALWAYS_SEARCH_USER_PATHS = NO;
				CLANG_ANALYZER_NONNULL = YES;
				CLANG_ANALYZER_NUMBER_OBJECT_CONVERSION = YES_AGGRESSIVE;
				CLANG_CXX_LANGUAGE_STANDARD = "gnu++14";
				CLANG_CXX_LIBRARY = "libc++";
				CLANG_ENABLE_MODULES = YES;
				CLANG_ENABLE_OBJC_ARC = YES;
				CLANG_ENABLE_OBJC_WEAK = YES;
				CLANG_WARN_BLOCK_CAPTURE_AUTORELEASING = YES;
				CLANG_WARN_BOOL_CONVERSION = YES;
				CLANG_WARN_COMMA = YES;
				CLANG_WARN_CONSTANT_CONVERSION = YES;
				CLANG_WARN_DEPRECATED_OBJC_IMPLEMENTATIONS = YES;
				CLANG_WARN_DIRECT_OBJC_ISA_USAGE = YES_ERROR;
				CLANG_WARN_DOCUMENTATION_COMMENTS = YES;
				CLANG_WARN_EMPTY_BODY = YES;
				CLANG_WARN_ENUM_CONVERSION = YES;
				CLANG_WARN_INFINITE_RECURSION = YES;
				CLANG_WARN_INT_CONVERSION = YES;
				CLANG_WARN_NON_LITERAL_NULL_CONVERSION = YES;
				CLANG_WARN_OBJC_IMPLICIT_RETAIN_SELF = YES;
				CLANG_WARN_OBJC_LITERAL_CONVERSION = YES;
				CLANG_WARN_OBJC_ROOT_CLASS = YES_ERROR;
				CLANG_WARN_RANGE_LOOP_ANALYSIS = YES;
				CLANG_WARN_STRICT_PROTOTYPES = YES;
				CLANG_WARN_SUSPICIOUS_MOVE = YES;
				CLANG_WARN_UNGUARDED_AVAILABILITY = YES_AGGRESSIVE;
				CLANG_WARN_UNREACHABLE_CODE = YES;
				CLANG_WARN__DUPLICATE_METHOD_MATCH = YES;
				CODE_SIGN_IDENTITY = "iPhone Developer";
				COPY_PHASE_STRIP = NO;
				DEBUG_INFORMATION_FORMAT = dwarf;
				ENABLE_STRICT_OBJC_MSGSEND = YES;
				ENABLE_TESTABILITY = YES;
				GCC_C_LANGUAGE_STANDARD = gnu11;
				GCC_DYNAMIC_NO_PIC = NO;
				GCC_NO_COMMON_BLOCKS = YES;
				GCC_OPTIMIZATION_LEVEL = 0;
				GCC_PREPROCESSOR_DEFINITIONS = (
					"DEBUG=1",
					"$(inherited)",
				);
				GCC_WARN_64_TO_32_BIT_CONVERSION = YES;
				GCC_WARN_ABOUT_RETURN_TYPE = YES_ERROR;
				GCC_WARN_UNDECLARED_SELECTOR = YES;
				GCC_WARN_UNINITIALIZED_AUTOS = YES_AGGRESSIVE;
				GCC_WARN_UNUSED_FUNCTION = YES;
				GCC_WARN_UNUSED_VARIABLE = YES;
				IPHONEOS_DEPLOYMENT_TARGET = 12.0;
				MTL_ENABLE_DEBUG_INFO = INCLUDE_SOURCE;
				MTL_FAST_MATH = YES;
				ONLY_ACTIVE_ARCH = YES;
				SDKROOT = iphoneos;
				SWIFT_ACTIVE_COMPILATION_CONDITIONS = DEBUG;
				SWIFT_OPTIMIZATION_LEVEL = "-Onone";
			};
			name = Debug;
		};
		DBD8CD1C217CAE4800963E9B /* Release */ = {
			isa = XCBuildConfiguration;
			buildSettings = {
				ALWAYS_SEARCH_USER_PATHS = NO;
				CLANG_ANALYZER_NONNULL = YES;
				CLANG_ANALYZER_NUMBER_OBJECT_CONVERSION = YES_AGGRESSIVE;
				CLANG_CXX_LANGUAGE_STANDARD = "gnu++14";
				CLANG_CXX_LIBRARY = "libc++";
				CLANG_ENABLE_MODULES = YES;
				CLANG_ENABLE_OBJC_ARC = YES;
				CLANG_ENABLE_OBJC_WEAK = YES;
				CLANG_WARN_BLOCK_CAPTURE_AUTORELEASING = YES;
				CLANG_WARN_BOOL_CONVERSION = YES;
				CLANG_WARN_COMMA = YES;
				CLANG_WARN_CONSTANT_CONVERSION = YES;
				CLANG_WARN_DEPRECATED_OBJC_IMPLEMENTATIONS = YES;
				CLANG_WARN_DIRECT_OBJC_ISA_USAGE = YES_ERROR;
				CLANG_WARN_DOCUMENTATION_COMMENTS = YES;
				CLANG_WARN_EMPTY_BODY = YES;
				CLANG_WARN_ENUM_CONVERSION = YES;
				CLANG_WARN_INFINITE_RECURSION = YES;
				CLANG_WARN_INT_CONVERSION = YES;
				CLANG_WARN_NON_LITERAL_NULL_CONVERSION = YES;
				CLANG_WARN_OBJC_IMPLICIT_RETAIN_SELF = YES;
				CLANG_WARN_OBJC_LITERAL_CONVERSION = YES;
				CLANG_WARN_OBJC_ROOT_CLASS = YES_ERROR;
				CLANG_WARN_RANGE_LOOP_ANALYSIS = YES;
				CLANG_WARN_STRICT_PROTOTYPES = YES;
				CLANG_WARN_SUSPICIOUS_MOVE = YES;
				CLANG_WARN_UNGUARDED_AVAILABILITY = YES_AGGRESSIVE;
				CLANG_WARN_UNREACHABLE_CODE = YES;
				CLANG_WARN__DUPLICATE_METHOD_MATCH = YES;
				CODE_SIGN_IDENTITY = "iPhone Developer";
				COPY_PHASE_STRIP = NO;
				DEBUG_INFORMATION_FORMAT = "dwarf-with-dsym";
				ENABLE_NS_ASSERTIONS = NO;
				ENABLE_STRICT_OBJC_MSGSEND = YES;
				GCC_C_LANGUAGE_STANDARD = gnu11;
				GCC_NO_COMMON_BLOCKS = YES;
				GCC_WARN_64_TO_32_BIT_CONVERSION = YES;
				GCC_WARN_ABOUT_RETURN_TYPE = YES_ERROR;
				GCC_WARN_UNDECLARED_SELECTOR = YES;
				GCC_WARN_UNINITIALIZED_AUTOS = YES_AGGRESSIVE;
				GCC_WARN_UNUSED_FUNCTION = YES;
				GCC_WARN_UNUSED_VARIABLE = YES;
				IPHONEOS_DEPLOYMENT_TARGET = 12.0;
				MTL_ENABLE_DEBUG_INFO = NO;
				MTL_FAST_MATH = YES;
				SDKROOT = iphoneos;
				SWIFT_COMPILATION_MODE = wholemodule;
				SWIFT_OPTIMIZATION_LEVEL = "-O";
				VALIDATE_PRODUCT = YES;
			};
			name = Release;
		};
		DBD8CD1E217CAE4800963E9B /* Debug */ = {
			isa = XCBuildConfiguration;
			baseConfigurationReference = 600B16ED1FE7F19C36050F2C /* Pods-The Movie Database.debug.xcconfig */;
			buildSettings = {
				ASSETCATALOG_COMPILER_APPICON_NAME = AppIcon;
				CODE_SIGN_STYLE = Automatic;
				DEVELOPMENT_TEAM = DVXNNDG4U4;
				INFOPLIST_FILE = "The Movie Database/Info.plist";
				LD_RUNPATH_SEARCH_PATHS = (
					"$(inherited)",
					"@executable_path/Frameworks",
				);
				PRODUCT_BUNDLE_IDENTIFIER = "com.giacomuzzi.The-Movie-Database";
				PRODUCT_NAME = "$(TARGET_NAME)";
				SWIFT_VERSION = 4.2;
				TARGETED_DEVICE_FAMILY = "1,2";
			};
			name = Debug;
		};
		DBD8CD1F217CAE4800963E9B /* Release */ = {
			isa = XCBuildConfiguration;
			baseConfigurationReference = 81919F24A401E99B8670C4E4 /* Pods-The Movie Database.release.xcconfig */;
			buildSettings = {
				ASSETCATALOG_COMPILER_APPICON_NAME = AppIcon;
				CODE_SIGN_STYLE = Automatic;
				DEVELOPMENT_TEAM = DVXNNDG4U4;
				INFOPLIST_FILE = "The Movie Database/Info.plist";
				LD_RUNPATH_SEARCH_PATHS = (
					"$(inherited)",
					"@executable_path/Frameworks",
				);
				PRODUCT_BUNDLE_IDENTIFIER = "com.giacomuzzi.The-Movie-Database";
				PRODUCT_NAME = "$(TARGET_NAME)";
				SWIFT_VERSION = 4.2;
				TARGETED_DEVICE_FAMILY = "1,2";
			};
			name = Release;
		};
		DBD8CD21217CAE4800963E9B /* Debug */ = {
			isa = XCBuildConfiguration;
			baseConfigurationReference = 6091B4FABF0C09EF15ACD1A2 /* Pods-The Movie DatabaseTests.debug.xcconfig */;
			buildSettings = {
				ALWAYS_EMBED_SWIFT_STANDARD_LIBRARIES = YES;
				BUNDLE_LOADER = "$(TEST_HOST)";
				CODE_SIGN_STYLE = Automatic;
				DEVELOPMENT_TEAM = DVXNNDG4U4;
				INFOPLIST_FILE = "The Movie DatabaseTests/Info.plist";
				LD_RUNPATH_SEARCH_PATHS = (
					"$(inherited)",
					"@executable_path/Frameworks",
					"@loader_path/Frameworks",
				);
				PRODUCT_BUNDLE_IDENTIFIER = "com.giacomuzzi.The-Movie-DatabaseTests";
				PRODUCT_NAME = "$(TARGET_NAME)";
				SWIFT_VERSION = 4.2;
				TARGETED_DEVICE_FAMILY = "1,2";
				TEST_HOST = "$(BUILT_PRODUCTS_DIR)/The Movie Database.app/The Movie Database";
			};
			name = Debug;
		};
		DBD8CD22217CAE4800963E9B /* Release */ = {
			isa = XCBuildConfiguration;
			baseConfigurationReference = CA5A1A6C9910FACEF6C51CE7 /* Pods-The Movie DatabaseTests.release.xcconfig */;
			buildSettings = {
				ALWAYS_EMBED_SWIFT_STANDARD_LIBRARIES = YES;
				BUNDLE_LOADER = "$(TEST_HOST)";
				CODE_SIGN_STYLE = Automatic;
				DEVELOPMENT_TEAM = DVXNNDG4U4;
				INFOPLIST_FILE = "The Movie DatabaseTests/Info.plist";
				LD_RUNPATH_SEARCH_PATHS = (
					"$(inherited)",
					"@executable_path/Frameworks",
					"@loader_path/Frameworks",
				);
				PRODUCT_BUNDLE_IDENTIFIER = "com.giacomuzzi.The-Movie-DatabaseTests";
				PRODUCT_NAME = "$(TARGET_NAME)";
				SWIFT_VERSION = 4.2;
				TARGETED_DEVICE_FAMILY = "1,2";
				TEST_HOST = "$(BUILT_PRODUCTS_DIR)/The Movie Database.app/The Movie Database";
			};
			name = Release;
		};
		DBD8CD24217CAE4800963E9B /* Debug */ = {
			isa = XCBuildConfiguration;
			baseConfigurationReference = 03E8A336B03A60F95B8F1B78 /* Pods-The Movie DatabaseUITests.debug.xcconfig */;
			buildSettings = {
				ALWAYS_EMBED_SWIFT_STANDARD_LIBRARIES = YES;
				CODE_SIGN_STYLE = Automatic;
				DEVELOPMENT_TEAM = DVXNNDG4U4;
				INFOPLIST_FILE = "The Movie DatabaseUITests/Info.plist";
				LD_RUNPATH_SEARCH_PATHS = (
					"$(inherited)",
					"@executable_path/Frameworks",
					"@loader_path/Frameworks",
				);
				PRODUCT_BUNDLE_IDENTIFIER = "com.giacomuzzi.The-Movie-DatabaseUITests";
				PRODUCT_NAME = "$(TARGET_NAME)";
				SWIFT_VERSION = 4.2;
				TARGETED_DEVICE_FAMILY = "1,2";
				TEST_TARGET_NAME = "The Movie Database";
			};
			name = Debug;
		};
		DBD8CD25217CAE4800963E9B /* Release */ = {
			isa = XCBuildConfiguration;
			baseConfigurationReference = 98E991D40D90895D97B22F08 /* Pods-The Movie DatabaseUITests.release.xcconfig */;
			buildSettings = {
				ALWAYS_EMBED_SWIFT_STANDARD_LIBRARIES = YES;
				CODE_SIGN_STYLE = Automatic;
				DEVELOPMENT_TEAM = DVXNNDG4U4;
				INFOPLIST_FILE = "The Movie DatabaseUITests/Info.plist";
				LD_RUNPATH_SEARCH_PATHS = (
					"$(inherited)",
					"@executable_path/Frameworks",
					"@loader_path/Frameworks",
				);
				PRODUCT_BUNDLE_IDENTIFIER = "com.giacomuzzi.The-Movie-DatabaseUITests";
				PRODUCT_NAME = "$(TARGET_NAME)";
				SWIFT_VERSION = 4.2;
				TARGETED_DEVICE_FAMILY = "1,2";
				TEST_TARGET_NAME = "The Movie Database";
			};
			name = Release;
		};
/* End XCBuildConfiguration section */

/* Begin XCConfigurationList section */
		DBD8CCF0217CAE4600963E9B /* Build configuration list for PBXProject "The Movie Database" */ = {
			isa = XCConfigurationList;
			buildConfigurations = (
				DBD8CD1B217CAE4800963E9B /* Debug */,
				DBD8CD1C217CAE4800963E9B /* Release */,
			);
			defaultConfigurationIsVisible = 0;
			defaultConfigurationName = Release;
		};
		DBD8CD1D217CAE4800963E9B /* Build configuration list for PBXNativeTarget "The Movie Database" */ = {
			isa = XCConfigurationList;
			buildConfigurations = (
				DBD8CD1E217CAE4800963E9B /* Debug */,
				DBD8CD1F217CAE4800963E9B /* Release */,
			);
			defaultConfigurationIsVisible = 0;
			defaultConfigurationName = Release;
		};
		DBD8CD20217CAE4800963E9B /* Build configuration list for PBXNativeTarget "The Movie DatabaseTests" */ = {
			isa = XCConfigurationList;
			buildConfigurations = (
				DBD8CD21217CAE4800963E9B /* Debug */,
				DBD8CD22217CAE4800963E9B /* Release */,
			);
			defaultConfigurationIsVisible = 0;
			defaultConfigurationName = Release;
		};
		DBD8CD23217CAE4800963E9B /* Build configuration list for PBXNativeTarget "The Movie DatabaseUITests" */ = {
			isa = XCConfigurationList;
			buildConfigurations = (
				DBD8CD24217CAE4800963E9B /* Debug */,
				DBD8CD25217CAE4800963E9B /* Release */,
			);
			defaultConfigurationIsVisible = 0;
			defaultConfigurationName = Release;
		};
/* End XCConfigurationList section */
	};
	rootObject = DBD8CCED217CAE4600963E9B /* Project object */;
}
